{
  "version": 4,
  "terraform_version": "1.15.2",
  "serial": 142,
  "lineage": "6bdeea50-ec3a-0862-6402-e30270c952a4",
  "outputs": {
    "bedrock_agent_alias_id": {
      "value": "OLQQYHBDML",
      "type": "string"
    },
    "bedrock_agent_id": {
      "value": "Q3IT7IQOEX",
      "type": "string"
    },
    "s3_bucket_name": {
      "value": "myhealthcaredatastes",
      "type": "string"
    }
  },
  "resources": [
    {
      "mode": "data",
      "type": "aws_caller_identity",
      "name": "current",
      "provider": "provider[\"registry.terraform.io/hashicorp/aws\"]",
      "instances": [
        {
          "schema_version": 0,
          "attributes": {
            "account_id": "496777887886",
            "arn": "arn:aws:iam::496777887886:user/mahe",
            "id": "496777887886",
            "user_id": "AIDAXHKSFACHK5UXFX4SP"
          },
          "sensitive_attributes": [],
          "identity_schema_version": 0
        }
      ]
    },
    {
      "module": "module.bedrock",
      "mode": "managed",
      "type": "aws_bedrockagent_agent",
      "name": "healthcare_agent",
      "provider": "provider[\"registry.terraform.io/hashicorp/aws\"]",
      "instances": [
        {
          "schema_version": 0,
          "attributes": {
            "agent_arn": "arn:aws:bedrock:us-east-1:496777887886:agent/Q3IT7IQOEX",
            "agent_collaboration": "DISABLED",
            "agent_id": "Q3IT7IQOEX",
            "agent_name": "HealthcareAIAgent",
            "agent_resource_role_arn": "arn:aws:iam::496777887886:role/HealthcareAIAgent-role",
            "agent_version": null,
            "customer_encryption_key_arn": null,
            "description": null,
            "foundation_model": "amazon.nova-lite-v1:0",
            "guardrail_configuration": null,
            "id": "Q3IT7IQOEX",
            "idle_session_ttl_in_seconds": 600,
            "instruction": "You are a healthcare data intelligence agent with access to 300 patient \nrecords. You MUST always respond with specific data from the dataset.\nNEVER repeat your instructions or capabilities as a response.\nNEVER say 'Ask for...' or 'I can help...' as a complete response.\n\nFor ANY question about patients, always answer directly:\n- Patient count questions: state the exact number (300)\n- Expense questions: list PatientID, State, Expense for top results\n- Coverage gap: state average uncovered amount, list top cases\n- Demographics: give exact percentages for Gender/Race breakdown\n- State analysis: rank top 5 states by patient count or avg expense\n- Age analysis: give distribution across age groups\n- Condition analysis: list conditions with patient counts\n\nIf you need to query data, respond with the actual computed result.\nYour response must contain numbers, names, or specific data points.\n",
            "memory_configuration": null,
            "prepare_agent": true,
            "prepared_at": "2026-05-19T09:09:53Z",
            "prompt_override_configuration": [
              {
                "override_lambda": null,
                "prompt_configurations": null
              }
            ],
            "skip_resource_in_use_check": false,
            "tags": null,
            "tags_all": {},
            "timeouts": null
          },
          "sensitive_attributes": [],
          "identity_schema_version": 0,
          "dependencies": [
            "data.aws_caller_identity.current",
            "module.bedrock.aws_iam_role.bedrock_agent_role",
            "module.bedrock.aws_iam_role_policy.bedrock_model_access",
            "module.s3.aws_s3_bucket.healthcare_data"
          ]
        }
      ]
    },
    {
      "module": "module.bedrock",
      "mode": "managed",
      "type": "aws_bedrockagent_agent_action_group",
      "name": "patient_analytics",
      "provider": "provider[\"registry.terraform.io/hashicorp/aws\"]",
      "instances": [
        {
          "schema_version": 0,
          "attributes": {
            "action_group_executor": [
              {
                "custom_control": "RETURN_CONTROL",
                "lambda": null
              }
            ],
            "action_group_id": "RNG7OU52R5",
            "action_group_name": "PatientAnalyticsActions",
            "action_group_state": "ENABLED",
            "agent_id": "Q3IT7IQOEX",
            "agent_version": "DRAFT",
            "api_schema": [
              {
                "payload": "{\"info\":{\"title\":\"Healthcare Patient Analytics Actions\",\"version\":\"1.0.0\"},\"openapi\":\"3.0.3\",\"paths\":{\"/getCoverageGapSummary\":{\"post\":{\"description\":\"Return patients and summary metrics where CoverageGap is above a threshold.\",\"operationId\":\"getCoverageGapSummary\",\"requestBody\":{\"content\":{\"application/json\":{\"schema\":{\"properties\":{\"limit\":{\"default\":10,\"maximum\":50,\"minimum\":1,\"type\":\"integer\"},\"threshold\":{\"default\":0,\"type\":\"number\"}},\"type\":\"object\"}}},\"required\":true},\"responses\":{\"200\":{\"description\":\"Coverage gap rows and metrics\"}}}},\"/getDemographicsBreakdown\":{\"post\":{\"description\":\"Return patient distribution grouped by Gender or Race.\",\"operationId\":\"getDemographicsBreakdown\",\"requestBody\":{\"content\":{\"application/json\":{\"schema\":{\"properties\":{\"groupBy\":{\"default\":\"Gender\",\"enum\":[\"Gender\",\"Race\"],\"type\":\"string\"}},\"type\":\"object\"}}},\"required\":true},\"responses\":{\"200\":{\"description\":\"Demographic distribution\"}}}},\"/getHighExpensePatients\":{\"post\":{\"description\":\"Return patients sorted by healthcare expense descending. Use this for high paid, high cost, high expense, expensive, or top patient cost questions.\",\"operationId\":\"getHighExpensePatients\",\"requestBody\":{\"content\":{\"application/json\":{\"schema\":{\"properties\":{\"limit\":{\"default\":10,\"maximum\":50,\"minimum\":1,\"type\":\"integer\"},\"threshold\":{\"default\":0,\"type\":\"number\"}},\"type\":\"object\"}}},\"required\":true},\"responses\":{\"200\":{\"content\":{\"application/json\":{\"schema\":{\"properties\":{\"rows\":{\"items\":{\"type\":\"object\"},\"type\":\"array\"}},\"type\":\"object\"}}},\"description\":\"High expense patient rows\"}}}},\"/getHighRiskPatients\":{\"post\":{\"description\":\"Return patients with elevated operational risk using expense, coverage gap, age, and state context.\",\"operationId\":\"getHighRiskPatients\",\"requestBody\":{\"content\":{\"application/json\":{\"schema\":{\"properties\":{\"limit\":{\"default\":10,\"maximum\":50,\"minimum\":1,\"type\":\"integer\"}},\"type\":\"object\"}}},\"required\":true},\"responses\":{\"200\":{\"description\":\"High-risk patient rows with risk scores\"}}}},\"/getPatientsByState\":{\"post\":{\"description\":\"Return patient records for a specific state, or grouped patient counts by state when no state is supplied.\",\"operationId\":\"getPatientsByState\",\"requestBody\":{\"content\":{\"application/json\":{\"schema\":{\"properties\":{\"state\":{\"description\":\"Two-letter state code such as MA, NY, CA, or TX. Optional.\",\"type\":\"string\"}},\"type\":\"object\"}}},\"required\":true},\"responses\":{\"200\":{\"description\":\"State patient summary\"}}}},\"/getTopExpenseStates\":{\"post\":{\"description\":\"Return state-level expense comparisons sorted by total healthcare expense descending.\",\"operationId\":\"getTopExpenseStates\",\"requestBody\":{\"content\":{\"application/json\":{\"schema\":{\"properties\":{\"limit\":{\"default\":10,\"maximum\":50,\"minimum\":1,\"type\":\"integer\"}},\"type\":\"object\"}}},\"required\":true},\"responses\":{\"200\":{\"description\":\"State expense comparison rows\"}}}},\"/searchPatients\":{\"post\":{\"description\":\"Search patient records by free text and optional filters.\",\"operationId\":\"searchPatients\",\"requestBody\":{\"content\":{\"application/json\":{\"schema\":{\"properties\":{\"filters\":{\"additionalProperties\":true,\"type\":\"object\"},\"query\":{\"type\":\"string\"}},\"type\":\"object\"}}},\"required\":true},\"responses\":{\"200\":{\"description\":\"Matching patient rows\"}}}}}}",
                "s3": []
              }
            ],
            "description": "Structured patient analytics actions executed by the application fallback layer.",
            "function_schema": [],
            "id": "RNG7OU52R5,Q3IT7IQOEX,DRAFT",
            "parent_action_group_signature": null,
            "prepare_agent": true,
            "skip_resource_in_use_check": true,
            "timeouts": null
          },
          "sensitive_attributes": [],
          "identity_schema_version": 0,
          "dependencies": [
            "data.aws_caller_identity.current",
            "module.bedrock.aws_bedrockagent_agent.healthcare_agent",
            "module.bedrock.aws_iam_role.bedrock_agent_role",
            "module.bedrock.aws_iam_role_policy.bedrock_model_access",
            "module.s3.aws_s3_bucket.healthcare_data"
          ]
        }
      ]
    },
    {
      "module": "module.bedrock",
      "mode": "managed",
      "type": "aws_bedrockagent_agent_alias",
      "name": "demo_alias",
      "provider": "provider[\"registry.terraform.io/hashicorp/aws\"]",
      "instances": [
        {
          "schema_version": 0,
          "attributes": {
            "agent_alias_arn": "arn:aws:bedrock:us-east-1:496777887886:agent-alias/Q3IT7IQOEX/OLQQYHBDML",
            "agent_alias_id": "OLQQYHBDML",
            "agent_alias_name": "demo-v1",
            "agent_id": "Q3IT7IQOEX",
            "description": "Demo alias for HealthcareAIAgent",
            "id": "OLQQYHBDML,Q3IT7IQOEX",
            "routing_configuration": [
              {
                "agent_version": "1",
                "provisioned_throughput": null
              }
            ],
            "tags": null,
            "tags_all": {},
            "timeouts": null
          },
          "sensitive_attributes": [],
          "identity_schema_version": 0,
          "dependencies": [
            "data.aws_caller_identity.current",
            "module.bedrock.aws_bedrockagent_agent.healthcare_agent",
            "module.bedrock.aws_bedrockagent_agent_action_group.patient_analytics",
            "module.bedrock.aws_iam_role.bedrock_agent_role",
            "module.bedrock.aws_iam_role_policy.bedrock_model_access",
            "module.s3.aws_s3_bucket.healthcare_data"
          ]
        }
      ]
    },
    {
      "module": "module.bedrock",
      "mode": "managed",
      "type": "aws_iam_role",
      "name": "bedrock_agent_role",
      "provider": "provider[\"registry.terraform.io/hashicorp/aws\"]",
      "instances": [
        {
          "schema_version": 0,
          "attributes": {
            "arn": "arn:aws:iam::496777887886:role/HealthcareAIAgent-role",
            "assume_role_policy": "{\"Statement\":[{\"Action\":\"sts:AssumeRole\",\"Condition\":{\"ArnLike\":{\"aws:SourceArn\":\"arn:aws:bedrock:us-east-1:496777887886:agent/*\"},\"StringEquals\":{\"aws:SourceAccount\":\"496777887886\"}},\"Effect\":\"Allow\",\"Principal\":{\"Service\":\"bedrock.amazonaws.com\"}}],\"Version\":\"2012-10-17\"}",
            "create_date": "2026-05-19T09:04:31Z",
            "description": "",
            "force_detach_policies": false,
            "id": "HealthcareAIAgent-role",
            "inline_policy": [
              {
                "name": "BedrockModelAccess",
                "policy": "{\"Version\":\"2012-10-17\",\"Statement\":[{\"Action\":[\"bedrock:InvokeModel\",\"bedrock:InvokeModelWithResponseStream\"],\"Effect\":\"Allow\",\"Resource\":\"arn:aws:bedrock:us-east-1::foundation-model/amazon.nova-lite-v1:0\",\"Sid\":\"InvokeFoundationModel\"},{\"Action\":[\"s3:GetObject\",\"s3:PutObject\",\"s3:ListBucket\"],\"Effect\":\"Allow\",\"Resource\":[\"arn:aws:s3:::myhealthcaredatastes\",\"arn:aws:s3:::myhealthcaredatastes/*\"],\"Sid\":\"S3DataAccess\"},{\"Action\":[\"bedrock:Retrieve\",\"bedrock:RetrieveAndGenerate\"],\"Effect\":\"Allow\",\"Resource\":\"*\",\"Sid\":\"BedrockKnowledgeBase\"}]}"
              }
            ],
            "managed_policy_arns": [],
            "max_session_duration": 3600,
            "name": "HealthcareAIAgent-role",
            "name_prefix": "",
            "path": "/",
            "permissions_boundary": "",
            "tags": {},
            "tags_all": {},
            "unique_id": "AROAXHKSFACHANEBRPGKX"
          },
          "sensitive_attributes": [],
          "identity_schema_version": 0,
          "private": "bnVsbA==",
          "dependencies": [
            "data.aws_caller_identity.current"
          ]
        }
      ]
    },
    {
      "module": "module.bedrock",
      "mode": "managed",
      "type": "aws_iam_role_policy",
      "name": "bedrock_model_access",
      "provider": "provider[\"registry.terraform.io/hashicorp/aws\"]",
      "instances": [
        {
          "schema_version": 0,
          "attributes": {
            "id": "HealthcareAIAgent-role:BedrockModelAccess",
            "name": "BedrockModelAccess",
            "name_prefix": "",
            "policy": "{\"Version\":\"2012-10-17\",\"Statement\":[{\"Action\":[\"bedrock:InvokeModel\",\"bedrock:InvokeModelWithResponseStream\"],\"Effect\":\"Allow\",\"Resource\":\"arn:aws:bedrock:us-east-1::foundation-model/amazon.nova-lite-v1:0\",\"Sid\":\"InvokeFoundationModel\"},{\"Action\":[\"s3:GetObject\",\"s3:PutObject\",\"s3:ListBucket\"],\"Effect\":\"Allow\",\"Resource\":[\"arn:aws:s3:::myhealthcaredatastes\",\"arn:aws:s3:::myhealthcaredatastes/*\"],\"Sid\":\"S3DataAccess\"},{\"Action\":[\"bedrock:Retrieve\",\"bedrock:RetrieveAndGenerate\"],\"Effect\":\"Allow\",\"Resource\":\"*\",\"Sid\":\"BedrockKnowledgeBase\"}]}",
            "role": "HealthcareAIAgent-role"
          },
          "sensitive_attributes": [],
          "identity_schema_version": 0,
          "private": "bnVsbA==",
          "dependencies": [
            "data.aws_caller_identity.current",
            "module.bedrock.aws_iam_role.bedrock_agent_role",
            "module.s3.aws_s3_bucket.healthcare_data"
          ]
        }
      ]
    },
    {
      "module": "module.s3",
      "mode": "data",
      "type": "aws_iam_policy_document",
      "name": "bucket_policy",
      "provider": "provider[\"registry.terraform.io/hashicorp/aws\"]",
      "instances": [
        {
          "schema_version": 0,
          "attributes": {
            "id": "503401987",
            "json": "{\n  \"Version\": \"2012-10-17\",\n  \"Statement\": [\n    {\n      \"Sid\": \"AllowQuickSightRead\",\n      \"Effect\": \"Allow\",\n      \"Action\": [\n        \"s3:ListBucket\",\n        \"s3:GetObject\"\n      ],\n      \"Resource\": [\n        \"arn:aws:s3:::myhealthcaredatastes/*\",\n        \"arn:aws:s3:::myhealthcaredatastes\"\n      ],\n      \"Principal\": {\n        \"Service\": \"quicksight.amazonaws.com\"\n      }\n    },\n    {\n      \"Sid\": \"AllowBedrockAgentRead\",\n      \"Effect\": \"Allow\",\n      \"Action\": [\n        \"s3:PutObject\",\n        \"s3:ListBucket\",\n        \"s3:GetObject\"\n      ],\n      \"Resource\": [\n        \"arn:aws:s3:::myhealthcaredatastes/*\",\n        \"arn:aws:s3:::myhealthcaredatastes\"\n      ],\n      \"Principal\": {\n        \"Service\": \"bedrock.amazonaws.com\"\n      }\n    }\n  ]\n}",
            "minified_json": "{\"Version\":\"2012-10-17\",\"Statement\":[{\"Sid\":\"AllowQuickSightRead\",\"Effect\":\"Allow\",\"Action\":[\"s3:ListBucket\",\"s3:GetObject\"],\"Resource\":[\"arn:aws:s3:::myhealthcaredatastes/*\",\"arn:aws:s3:::myhealthcaredatastes\"],\"Principal\":{\"Service\":\"quicksight.amazonaws.com\"}},{\"Sid\":\"AllowBedrockAgentRead\",\"Effect\":\"Allow\",\"Action\":[\"s3:PutObject\",\"s3:ListBucket\",\"s3:GetObject\"],\"Resource\":[\"arn:aws:s3:::myhealthcaredatastes/*\",\"arn:aws:s3:::myhealthcaredatastes\"],\"Principal\":{\"Service\":\"bedrock.amazonaws.com\"}}]}",
            "override_json": null,
            "override_policy_documents": null,
            "policy_id": null,
            "source_json": null,
            "source_policy_documents": null,
            "statement": [
              {
                "actions": [
                  "s3:GetObject",
                  "s3:ListBucket"
                ],
                "condition": [],
                "effect": "Allow",
                "not_actions": [],
                "not_principals": [],
                "not_resources": [],
                "principals": [
                  {
                    "identifiers": [
                      "quicksight.amazonaws.com"
                    ],
                    "type": "Service"
                  }
                ],
                "resources": [
                  "arn:aws:s3:::myhealthcaredatastes",
                  "arn:aws:s3:::myhealthcaredatastes/*"
                ],
                "sid": "AllowQuickSightRead"
              },
              {
                "actions": [
                  "s3:GetObject",
                  "s3:ListBucket",
                  "s3:PutObject"
                ],
                "condition": [],
                "effect": "Allow",
                "not_actions": [],
                "not_principals": [],
                "not_resources": [],
                "principals": [
                  {
                    "identifiers": [
                      "bedrock.amazonaws.com"
                    ],
                    "type": "Service"
                  }
                ],
                "resources": [
                  "arn:aws:s3:::myhealthcaredatastes",
                  "arn:aws:s3:::myhealthcaredatastes/*"
                ],
                "sid": "AllowBedrockAgentRead"
              }
            ],
            "version": "2012-10-17"
          },
          "sensitive_attributes": [],
          "identity_schema_version": 0
        }
      ]
    },
    {
      "module": "module.s3",
      "mode": "managed",
      "type": "aws_s3_bucket",
      "name": "healthcare_data",
      "provider": "provider[\"registry.terraform.io/hashicorp/aws\"]",
      "instances": [
        {
          "schema_version": 0,
          "attributes": {
            "acceleration_status": "",
            "acl": null,
            "arn": "arn:aws:s3:::myhealthcaredatastes",
            "bucket": "myhealthcaredatastes",
            "bucket_domain_name": "myhealthcaredatastes.s3.amazonaws.com",
            "bucket_prefix": "",
            "bucket_regional_domain_name": "myhealthcaredatastes.s3.us-east-1.amazonaws.com",
            "cors_rule": [],
            "force_destroy": true,
            "grant": [
              {
                "id": "133fef34c7f665a4a6eb02ff4077792b3b66bdb661887cfd915f4a95dac63a2c",
                "permissions": [
                  "FULL_CONTROL"
                ],
                "type": "CanonicalUser",
                "uri": ""
              }
            ],
            "hosted_zone_id": "Z3AQBSTGFYJSTF",
            "id": "myhealthcaredatastes",
            "lifecycle_rule": [],
            "logging": [],
            "object_lock_configuration": [],
            "object_lock_enabled": false,
            "policy": "{\"Statement\":[{\"Action\":[\"s3:ListBucket\",\"s3:GetObject\"],\"Effect\":\"Allow\",\"Principal\":{\"Service\":\"quicksight.amazonaws.com\"},\"Resource\":[\"arn:aws:s3:::myhealthcaredatastes/*\",\"arn:aws:s3:::myhealthcaredatastes\"],\"Sid\":\"AllowQuickSightRead\"},{\"Action\":[\"s3:PutObject\",\"s3:ListBucket\",\"s3:GetObject\"],\"Effect\":\"Allow\",\"Principal\":{\"Service\":\"bedrock.amazonaws.com\"},\"Resource\":[\"arn:aws:s3:::myhealthcaredatastes/*\",\"arn:aws:s3:::myhealthcaredatastes\"],\"Sid\":\"AllowBedrockAgentRead\"}],\"Version\":\"2012-10-17\"}",
            "region": "us-east-1",
            "replication_configuration": [],
            "request_payer": "BucketOwner",
            "server_side_encryption_configuration": [
              {
                "rule": [
                  {
                    "apply_server_side_encryption_by_default": [
                      {
                        "kms_master_key_id": "",
                        "sse_algorithm": "AES256"
                      }
                    ],
                    "bucket_key_enabled": false
                  }
                ]
              }
            ],
            "tags": {},
            "tags_all": {},
            "timeouts": null,
            "versioning": [
              {
                "enabled": true,
                "mfa_delete": false
              }
            ],
            "website": [],
            "website_domain": null,
            "website_endpoint": null
          },
          "sensitive_attributes": [],
          "identity_schema_version": 0,
          "private": "eyJlMmJmYjczMC1lY2FhLTExZTYtOGY4OC0zNDM2M2JjN2M0YzAiOnsiY3JlYXRlIjoxMjAwMDAwMDAwMDAwLCJkZWxldGUiOjM2MDAwMDAwMDAwMDAsInJlYWQiOjEyMDAwMDAwMDAwMDAsInVwZGF0ZSI6MTIwMDAwMDAwMDAwMH19"
        }
      ]
    },
    {
      "module": "module.s3",
      "mode": "managed",
      "type": "aws_s3_bucket_policy",
      "name": "quicksight_read",
      "provider": "provider[\"registry.terraform.io/hashicorp/aws\"]",
      "instances": [
        {
          "schema_version": 0,
          "attributes": {
            "bucket": "myhealthcaredatastes",
            "id": "myhealthcaredatastes",
            "policy": "{\"Statement\":[{\"Action\":[\"s3:ListBucket\",\"s3:GetObject\"],\"Effect\":\"Allow\",\"Principal\":{\"Service\":\"quicksight.amazonaws.com\"},\"Resource\":[\"arn:aws:s3:::myhealthcaredatastes/*\",\"arn:aws:s3:::myhealthcaredatastes\"],\"Sid\":\"AllowQuickSightRead\"},{\"Action\":[\"s3:PutObject\",\"s3:ListBucket\",\"s3:GetObject\"],\"Effect\":\"Allow\",\"Principal\":{\"Service\":\"bedrock.amazonaws.com\"},\"Resource\":[\"arn:aws:s3:::myhealthcaredatastes/*\",\"arn:aws:s3:::myhealthcaredatastes\"],\"Sid\":\"AllowBedrockAgentRead\"}],\"Version\":\"2012-10-17\"}"
          },
          "sensitive_attributes": [],
          "identity_schema_version": 0,
          "private": "bnVsbA==",
          "dependencies": [
            "module.s3.aws_s3_bucket.healthcare_data",
            "module.s3.data.aws_iam_policy_document.bucket_policy"
          ]
        }
      ]
    },
    {
      "module": "module.s3",
      "mode": "managed",
      "type": "aws_s3_bucket_public_access_block",
      "name": "block",
      "provider": "provider[\"registry.terraform.io/hashicorp/aws\"]",
      "instances": [
        {
          "schema_version": 0,
          "attributes": {
            "block_public_acls": true,
            "block_public_policy": true,
            "bucket": "myhealthcaredatastes",
            "id": "myhealthcaredatastes",
            "ignore_public_acls": true,
            "restrict_public_buckets": true
          },
          "sensitive_attributes": [],
          "identity_schema_version": 0,
          "private": "bnVsbA==",
          "dependencies": [
            "module.s3.aws_s3_bucket.healthcare_data"
          ]
        }
      ]
    },
    {
      "module": "module.s3",
      "mode": "managed",
      "type": "aws_s3_bucket_server_side_encryption_configuration",
      "name": "sse",
      "provider": "provider[\"registry.terraform.io/hashicorp/aws\"]",
      "instances": [
        {
          "schema_version": 0,
          "attributes": {
            "bucket": "myhealthcaredatastes",
            "expected_bucket_owner": "",
            "id": "myhealthcaredatastes",
            "rule": [
              {
                "apply_server_side_encryption_by_default": [
                  {
                    "kms_master_key_id": "",
                    "sse_algorithm": "AES256"
                  }
                ],
                "bucket_key_enabled": false
              }
            ]
          },
          "sensitive_attributes": [],
          "identity_schema_version": 0,
          "private": "bnVsbA==",
          "dependencies": [
            "module.s3.aws_s3_bucket.healthcare_data"
          ]
        }
      ]
    },
    {
      "module": "module.s3",
      "mode": "managed",
      "type": "aws_s3_bucket_versioning",
      "name": "versioning",
      "provider": "provider[\"registry.terraform.io/hashicorp/aws\"]",
      "instances": [
        {
          "schema_version": 0,
          "attributes": {
            "bucket": "myhealthcaredatastes",
            "expected_bucket_owner": "",
            "id": "myhealthcaredatastes",
            "mfa": null,
            "versioning_configuration": [
              {
                "mfa_delete": "",
                "status": "Enabled"
              }
            ]
          },
          "sensitive_attributes": [],
          "identity_schema_version": 0,
          "private": "bnVsbA==",
          "dependencies": [
            "module.s3.aws_s3_bucket.healthcare_data"
          ]
        }
      ]
    },
    {
      "module": "module.s3",
      "mode": "managed",
      "type": "aws_s3_object",
      "name": "patients_manifest",
      "provider": "provider[\"registry.terraform.io/hashicorp/aws\"]",
      "instances": [
        {
          "schema_version": 0,
          "attributes": {
            "acl": null,
            "arn": "arn:aws:s3:::myhealthcaredatastes/manifests/patients_manifest.json",
            "bucket": "myhealthcaredatastes",
            "bucket_key_enabled": false,
            "cache_control": "",
            "checksum_algorithm": null,
            "checksum_crc32": "",
            "checksum_crc32c": "",
            "checksum_crc64nvme": "",
            "checksum_sha1": "",
            "checksum_sha256": "",
            "content": "{\"fileLocations\":[{\"URIPrefixes\":[\"s3://myhealthcaredatastes/patients/\"]}],\"globalUploadSettings\":{\"format\":\"JSON\"}}",
            "content_base64": null,
            "content_disposition": "",
            "content_encoding": "",
            "content_language": "",
            "content_type": "application/json",
            "etag": "a13beacdc30298184957b7c4bdeca7f8",
            "force_destroy": false,
            "id": "manifests/patients_manifest.json",
            "key": "manifests/patients_manifest.json",
            "kms_key_id": null,
            "metadata": {},
            "object_lock_legal_hold_status": "",
            "object_lock_mode": "",
            "object_lock_retain_until_date": "",
            "override_provider": [],
            "server_side_encryption": "AES256",
            "source": null,
            "source_hash": null,
            "storage_class": "STANDARD",
            "tags": {},
            "tags_all": {},
            "version_id": "SnRO7lmERtbl6zRlALFq5.VQ2PAxZ3WN",
            "website_redirect": ""
          },
          "sensitive_attributes": [],
          "identity_schema_version": 0,
          "private": "bnVsbA==",
          "dependencies": [
            "module.s3.aws_s3_bucket.healthcare_data",
            "module.s3.aws_s3_bucket_versioning.versioning"
          ]
        }
      ]
    }
  ],
  "check_results": null
}
